# This file is automatically @generated by Cargo.
# It is not intended for manual editing.
version = 3

[[package]]
name = "anyhow"
version = "1.0.65"
source = "registry+https://github.com/rust-lang/crates.io-index"
checksum = "98161a4e3e2184da77bb14f02184cdd111e83bbbcc9979dfee3c44b9a85f5602"

[[package]]
name = "byteorder"
version = "1.4.3"
source = "registry+https://github.com/rust-lang/crates.io-index"
checksum = "14c189c53d098945499cdfa7ecc63567cf3886b3332b312a5b4585d8d3a6a610"

[[package]]
name = "external-editor-revived"
version = "0.4.0"
dependencies = [
 "anyhow",
 "serde",
 "serde_json",
 "web-ext-native-messaging",
]

[[package]]
name = "itoa"
version = "1.0.3"
source = "registry+https://github.com/rust-lang/crates.io-index"
checksum = "6c8af84674fe1f223a982c933a0ee1086ac4d4052aa0fb8060c12c6ad838e754"

[[package]]
name = "proc-macro2"
version = "1.0.44"
source = "registry+https://github.com/rust-lang/crates.io-index"
checksum = "7bd7356a8122b6c4a24a82b278680c73357984ca2fc79a0f9fa6dea7dced7c58"
dependencies = [
 "unicode-ident",
]

[[package]]
name = "quote"
version = "1.0.21"
source = "registry+https://github.com/rust-lang/crates.io-index"
checksum = "bbe448f377a7d6961e30f5955f9b8d106c3f5e449d493ee1b125c1d43c2b5179"
dependencies = [
 "proc-macro2",
]

[[package]]
name = "ryu"
version = "1.0.11"
source = "registry+https://github.com/rust-lang/crates.io-index"
checksum = "4501abdff3ae82a1c1b477a17252eb69cee9e66eb915c1abaa4f44d873df9f09"

[[package]]
name = "serde"
version = "1.0.145"
source = "registry+https://github.com/rust-lang/crates.io-index"
checksum = "728eb6351430bccb993660dfffc5a72f91ccc1295abaa8ce19b27ebe4f75568b"
dependencies = [
 "serde_derive",
]

[[package]]
name = "serde_derive"
version = "1.0.145"
source = "registry+https://github.com/rust-lang/crates.io-index"
checksum = "81fa1584d3d1bcacd84c277a0dfe21f5b0f6accf4a23d04d4c6d61f1af522b4c"
dependencies = [
 "proc-macro2",
 "quote",
 "syn",
]

[[package]]
name = "serde_json"
version = "1.0.85"
source = "registry+https://github.com/rust-lang/crates.io-index"
checksum = "e55a28e3aaef9d5ce0506d0a14dbba8054ddc7e499ef522dd8b26859ec9d4a44"
dependencies = [
 "itoa",
 "ryu",
 "serde",
]

[[package]]
name = "syn"
version = "1.0.101"
source = "registry+https://github.com/rust-lang/crates.io-index"
checksum = "e90cde112c4b9690b8cbe810cba9ddd8bc1d7472e2cae317b69e9438c1cba7d2"
dependencies = [
 "proc-macro2",
 "quote",
 "unicode-ident",
]

[[package]]
name = "thiserror"
version = "1.0.36"
source = "registry+https://github.com/rust-lang/crates.io-index"
checksum = "0a99cb8c4b9a8ef0e7907cd3b617cc8dc04d571c4e73c8ae403d80ac160bb122"
dependencies = [
 "thiserror-impl",
]

[[package]]
name = "thiserror-impl"
version = "1.0.36"
source = "registry+https://github.com/rust-lang/crates.io-index"
checksum = "3a891860d3c8d66fec8e73ddb3765f90082374dbaaa833407b904a94f1a7eb43"
dependencies = [
 "proc-macro2",
 "quote",
 "syn",
]

[[package]]
name = "unicode-ident"
version = "1.0.4"
source = "registry+https://github.com/rust-lang/crates.io-index"
checksum = "dcc811dc4066ac62f84f11307873c4850cb653bfa9b1719cee2bd2204a4bc5dd"

[[package]]
name = "web-ext-native-messaging"
version = "0.1.0"
source = "registry+https://github.com/rust-lang/crates.io-index"
checksum = "9c6bc890f32df0f87eadf15eda2e23987861323a2164fbf1705233e29f1775b2"
dependencies = [
 "byteorder",
 "serde",
 "serde_json",
 "thiserror",
]
